
Microsoft Visual Studio Solution File, Format Version 12.00
# Visual Studio 14
VisualStudioVersion = 14.0.23107.0
MinimumVisualStudioVersion = 10.0.40219.1
Project("{FAE04EC0-301F-11D3-BF4B-00C04F79EFBC}") = "iQuarc.DataAccess", "iQuarc.DataAccess\iQuarc.DataAccess.csproj", "{53FBDBE7-3B53-4FC1-9676-1932C6CE6A2F}"
EndProject
Project("{FAE04EC0-301F-11D3-BF4B-00C04F79EFBC}") = "iQuarc.DataAccess.UnitTests", "iQuarc.DataAccess.UnitTests\iQuarc.DataAccess.UnitTests.csproj", "{DFE330D3-8DFD-45CB-BDAD-5E1BA3D60569}"
EndProject
Project("{FAE04EC0-301F-11D3-BF4B-00C04F79EFBC}") = "iQuarc.DataAccess.AppBoot", "iQuarc.DataAccess.AppBoot\iQuarc.DataAccess.AppBoot.csproj", "{5C839D26-2F63-4E00-A907-DD535A9846DF}"
EndProject
Project("{FAE04EC0-301F-11D3-BF4B-00C04F79EFBC}") = "iQuarc.DataAccess.IntegrationTests", "iQuarc.DataAccess.IntegrationTests\iQuarc.DataAccess.IntegrationTests.csproj", "{74216D64-CDD7-4A47-81CB-A9B7407D721F}"
EndProject
Global
	GlobalSection(SolutionConfigurationPlatforms) = preSolution
		Debug|Any CPU = Debug|Any CPU
		Release|Any CPU = Release|Any CPU
	EndGlobalSection
	GlobalSection(ProjectConfigurationPlatforms) = postSolution
		{53FBDBE7-3B53-4FC1-9676-1932C6CE6A2F}.Debug|Any CPU.ActiveCfg = Debug|Any CPU
		{53FBDBE7-3B53-4FC1-9676-1932C6CE6A2F}.Debug|Any CPU.Build.0 = Debug|Any CPU
		{53FBDBE7-3B53-4FC1-9676-1932C6CE6A2F}.Release|Any CPU.ActiveCfg = Release|Any CPU
		{53FBDBE7-3B53-4FC1-9676-1932C6CE6A2F}.Release|Any CPU.Build.0 = Release|Any CPU
		{DFE330D3-8DFD-45CB-BDAD-5E1BA3D60569}.Debug|Any CPU.ActiveCfg = Debug|Any CPU
		{DFE330D3-8DFD-45CB-BDAD-5E1BA3D60569}.Debug|Any CPU.Build.0 = Debug|Any CPU
		{DFE330D3-8DFD-45CB-BDAD-5E1BA3D60569}.Release|Any CPU.ActiveCfg = Release|Any CPU
		{DFE330D3-8DFD-45CB-BDAD-5E1BA3D60569}.Release|Any CPU.Build.0 = Release|Any CPU
		{5C839D26-2F63-4E00-A907-DD535A9846DF}.Debug|Any CPU.ActiveCfg = Debug|Any CPU
		{5C839D26-2F63-4E00-A907-DD535A9846DF}.Debug|Any CPU.Build.0 = Debug|Any CPU
		{5C839D26-2F63-4E00-A907-DD535A9846DF}.Release|Any CPU.ActiveCfg = Release|Any CPU
		{5C839D26-2F63-4E00-A907-DD535A9846DF}.Release|Any CPU.Build.0 = Release|Any CPU
		{74216D64-CDD7-4A47-81CB-A9B7407D721F}.Debug|Any CPU.ActiveCfg = Debug|Any CPU
		{74216D64-CDD7-4A47-81CB-A9B7407D721F}.Debug|Any CPU.Build.0 = Debug|Any CPU
		{74216D64-CDD7-4A47-81CB-A9B7407D721F}.Release|Any CPU.ActiveCfg = Release|Any CPU
		{74216D64-CDD7-4A47-81CB-A9B7407D721F}.Release|Any CPU.Build.0 = Release|Any CPU
	EndGlobalSection
	GlobalSection(SolutionProperties) = preSolution
		HideSolutionNode = FALSE
	EndGlobalSection
EndGlobal
